
Microsoft Visual Studio Solution File, Format Version 12.00
# Visual Studio Version 17
VisualStudioVersion = 17.9.34622.214
MinimumVisualStudioVersion = 10.0.40219.1
Project("{9A19103F-16F7-4668-BE54-9A1E7A4F7556}") = "Webnc", "Webnc\Webnc.csproj", "{5DFABEC0-5253-4502-B209-51ED72135C64}"
EndProject
Global
	GlobalSection(SolutionConfigurationPlatforms) = preSolution
		Debug|Any CPU = Debug|Any CPU
		Release|Any CPU = Release|Any CPU
	EndGlobalSection
	GlobalSection(ProjectConfigurationPlatforms) = postSolution
		{5DFABEC0-5253-4502-B209-51ED72135C64}.Debug|Any CPU.ActiveCfg = Debug|Any CPU
		{5DFABEC0-5253-4502-B209-51ED72135C64}.Debug|Any CPU.Build.0 = Debug|Any CPU
		{5DFABEC0-5253-4502-B209-51ED72135C64}.Release|Any CPU.ActiveCfg = Release|Any CPU
		{5DFABEC0-5253-4502-B209-51ED72135C64}.Release|Any CPU.Build.0 = Release|Any CPU
	EndGlobalSection
	GlobalSection(SolutionProperties) = preSolution
		HideSolutionNode = FALSE
	EndGlobalSection
	GlobalSection(ExtensibilityGlobals) = postSolution
		SolutionGuid = {3A772611-DFD9-47A3-90E4-E284D28F5734}
	EndGlobalSection
EndGlobal
